dependencies:
- name: q-storageclass-aws
  repository: file://charts/q-storageclass-aws
  version: 0.1.0
- name: q-storageclass-gcp
  repository: file://charts/q-storageclass-gcp
  version: 0.1.0
- name: q-storageclass-scaleway
  repository: file://charts/q-storageclass-scaleway
  version: 0.1.0
- name: q-storageclass-azure
  repository: file://charts/q-storageclass-azure
  version: 0.1.0
- name: aws-load-balancer-controller
  repository: file://charts/aws-load-balancer-controller
  version: 3.4.2
- name: gateway-crds-helm
  repository: file://charts/envoy-gateway-crd
  version: v1.8.3
- name: gateway-helm
  repository: file://charts/envoy-gateway
  version: v1.8.3
- name: qovery-gateway-class
  repository: file://charts/qovery-gateway-class
  version: 0.1.0
- name: qovery-cluster-gateway
  repository: file://charts/qovery-cluster-gateway
  version: 0.1.0
- name: external-dns
  repository: file://charts/external-dns
  version: 1.21.1
- name: alloy
  repository: file://charts/alloy
  version: 1.10.0
- name: loki
  repository: file://charts/loki
  version: 6.55.0
- name: cert-manager
  repository: file://charts/cert-manager
  version: v1.20.0
- name: cert-manager-configs
  repository: file://charts/cert-manager-configs
  version: 0.1.0
- name: qovery-cert-manager-webhook
  repository: file://charts/qovery-cert-manager-webhook
  version: 0.2.0
- name: metrics-server
  repository: file://charts/metrics-server
  version: 3.13.0
- name: qovery-cluster-agent
  repository: file://charts/qovery-cluster-agent
  version: 0.1.0
- name: qovery-shell-agent
  repository: file://charts/qovery-shell-agent
  version: 0.1.0
- name: qovery-operator
  repository: file://charts/qovery-operator
  version: 0.2.1
- name: qovery-engine
  repository: file://charts/qovery-engine
  version: 0.0.0
- name: qovery-priority-class
  repository: file://charts/qovery-priority-class
  version: 0.2.0
digest: sha256:51cb8960655fed583d5959cd67a4220e0a92f7cb7bb2631f33acf8a37a611939
generated: "2026-08-27T13:27:14.927346977Z"
